
Microsoft Visual Studio Solution File, Format Version 12.00
# Visual Studio Version 16
VisualStudioVersion = 16.0.30711.63
MinimumVisualStudioVersion = 10.0.40219.1
Project("{9A19103F-16F7-4668-BE54-9A1E7A4F7556}") = "Cosmos-Odyssey", "Cosmos-Odyssey\Cosmos-Odyssey.csproj", "{647371BC-F679-44FE-A43C-5DF2D8D1CB69}"
EndProject
Project("{FAE04EC0-301F-11D3-BF4B-00C04F79EFBC}") = "Cosmos-Odyssey.Tests", "Cosmos-Odyssey.Tests\Cosmos-Odyssey.Tests.csproj", "{DCFDF7D7-9CB4-441D-B9D3-4D9621DE98CC}"
EndProject
Global
	GlobalSection(SolutionConfigurationPlatforms) = preSolution
		Debug|Any CPU = Debug|Any CPU
		Release|Any CPU = Release|Any CPU
	EndGlobalSection
	GlobalSection(ProjectConfigurationPlatforms) = postSolution
		{647371BC-F679-44FE-A43C-5DF2D8D1CB69}.Debug|Any CPU.ActiveCfg = Debug|Any CPU
		{647371BC-F679-44FE-A43C-5DF2D8D1CB69}.Debug|Any CPU.Build.0 = Debug|Any CPU
		{647371BC-F679-44FE-A43C-5DF2D8D1CB69}.Release|Any CPU.ActiveCfg = Release|Any CPU
		{647371BC-F679-44FE-A43C-5DF2D8D1CB69}.Release|Any CPU.Build.0 = Release|Any CPU
		{DCFDF7D7-9CB4-441D-B9D3-4D9621DE98CC}.Debug|Any CPU.ActiveCfg = Debug|Any CPU
		{DCFDF7D7-9CB4-441D-B9D3-4D9621DE98CC}.Debug|Any CPU.Build.0 = Debug|Any CPU
		{DCFDF7D7-9CB4-441D-B9D3-4D9621DE98CC}.Release|Any CPU.ActiveCfg = Release|Any CPU
		{DCFDF7D7-9CB4-441D-B9D3-4D9621DE98CC}.Release|Any CPU.Build.0 = Release|Any CPU
	EndGlobalSection
	GlobalSection(SolutionProperties) = preSolution
		HideSolutionNode = FALSE
	EndGlobalSection
	GlobalSection(ExtensibilityGlobals) = postSolution
		SolutionGuid = {DBBAB6CC-D833-4B9B-803C-B1DC6A6E053F}
	EndGlobalSection
EndGlobal
